
Microsoft Visual Studio Solution File, Format Version 12.00
# Visual Studio Version 17
VisualStudioVersion = 17.4.33122.133
MinimumVisualStudioVersion = 10.0.40219.1
Project("{FAE04EC0-301F-11D3-BF4B-00C04F79EFBC}") = "LavaFloorTesting", "LavaFloorTesting\LavaFloorTesting.csproj", "{DB9F2FDF-8765-41BB-9732-7FF778675BD8}"
EndProject
Project("{2150E333-8FDC-42A3-9474-1A3956D46DE8}") = "Solution Files", "Solution Files", "{2805B0FF-36CA-41D0-A46C-EC754C6AA7B2}"
	ProjectSection(SolutionItems) = preProject
		.github\workflows\build.yml = .github\workflows\build.yml
		.github\dependabot.yml = .github\dependabot.yml
		README.md = README.md
	EndProjectSection
EndProject
Global
	GlobalSection(SolutionConfigurationPlatforms) = preSolution
		Debug|Any CPU = Debug|Any CPU
		Release|Any CPU = Release|Any CPU
	EndGlobalSection
	GlobalSection(ProjectConfigurationPlatforms) = postSolution
		{DB9F2FDF-8765-41BB-9732-7FF778675BD8}.Debug|Any CPU.ActiveCfg = Debug|Any CPU
		{DB9F2FDF-8765-41BB-9732-7FF778675BD8}.Debug|Any CPU.Build.0 = Debug|Any CPU
		{DB9F2FDF-8765-41BB-9732-7FF778675BD8}.Release|Any CPU.ActiveCfg = Release|Any CPU
		{DB9F2FDF-8765-41BB-9732-7FF778675BD8}.Release|Any CPU.Build.0 = Release|Any CPU
	EndGlobalSection
	GlobalSection(SolutionProperties) = preSolution
		HideSolutionNode = FALSE
	EndGlobalSection
	GlobalSection(ExtensibilityGlobals) = postSolution
		SolutionGuid = {870B4217-32B8-4215-BF47-65ED8ECBD5F3}
	EndGlobalSection
EndGlobal
